
Microsoft Visual Studio Solution File, Format Version 12.00
# Visual Studio Version 17
VisualStudioVersion = 17.8.34309.116
MinimumVisualStudioVersion = 10.0.40219.1
Project("{FAE04EC0-301F-11D3-BF4B-00C04F79EFBC}") = "ICTPRG430AT2", "ICTPRG430AT2\ICTPRG430AT2.csproj", "{0C7583A6-EF5B-4D3E-9B4A-CE4B079E74D7}"
EndProject
Project("{FAE04EC0-301F-11D3-BF4B-00C04F79EFBC}") = "ClassLibrary", "ClassLibrary\ClassLibrary.csproj", "{9000691E-4F3A-477A-9260-7204B498B149}"
EndProject
Project("{2150E333-8FDC-42A3-9474-1A3956D46DE8}") = "Solution Items", "Solution Items", "{4361C534-3390-43B5-BE11-66D45F9CE070}"
	ProjectSection(SolutionItems) = preProject
		DeleteDB.ps1 = DeleteDB.ps1
	EndProjectSection
EndProject
Project("{54435603-DBB4-11D2-8724-00A0C9A8B90C}") = "KiddEsportsSetup", "KiddEsportsSetup\KiddEsportsSetup.vdproj", "{392746E5-71DC-49D2-B077-61CD8B6EB10D}"
EndProject
Global
	GlobalSection(SolutionConfigurationPlatforms) = preSolution
		Debug|Any CPU = Debug|Any CPU
		Release|Any CPU = Release|Any CPU
	EndGlobalSection
	GlobalSection(ProjectConfigurationPlatforms) = postSolution
		{0C7583A6-EF5B-4D3E-9B4A-CE4B079E74D7}.Debug|Any CPU.ActiveCfg = Debug|Any CPU
		{0C7583A6-EF5B-4D3E-9B4A-CE4B079E74D7}.Debug|Any CPU.Build.0 = Debug|Any CPU
		{0C7583A6-EF5B-4D3E-9B4A-CE4B079E74D7}.Release|Any CPU.ActiveCfg = Release|Any CPU
		{0C7583A6-EF5B-4D3E-9B4A-CE4B079E74D7}.Release|Any CPU.Build.0 = Release|Any CPU
		{9000691E-4F3A-477A-9260-7204B498B149}.Debug|Any CPU.ActiveCfg = Debug|Any CPU
		{9000691E-4F3A-477A-9260-7204B498B149}.Debug|Any CPU.Build.0 = Debug|Any CPU
		{9000691E-4F3A-477A-9260-7204B498B149}.Release|Any CPU.ActiveCfg = Release|Any CPU
		{9000691E-4F3A-477A-9260-7204B498B149}.Release|Any CPU.Build.0 = Release|Any CPU
		{392746E5-71DC-49D2-B077-61CD8B6EB10D}.Debug|Any CPU.ActiveCfg = Debug
		{392746E5-71DC-49D2-B077-61CD8B6EB10D}.Release|Any CPU.ActiveCfg = Release
	EndGlobalSection
	GlobalSection(SolutionProperties) = preSolution
		HideSolutionNode = FALSE
	EndGlobalSection
	GlobalSection(ExtensibilityGlobals) = postSolution
		SolutionGuid = {338C72B2-A63C-4826-9FC2-19F07EAF1D0E}
	EndGlobalSection
EndGlobal
