
Microsoft Visual Studio Solution File, Format Version 12.00
# Visual Studio Version 17
VisualStudioVersion = 17.5.002.0
MinimumVisualStudioVersion = 10.0.40219.1
Project("{9A19103F-16F7-4668-BE54-9A1E7A4F7556}") = "ICTPRG430AT2", "ICTPRG430AT2.csproj", "{F3F9DC58-2AAD-440C-830F-3BC4C6E52591}"
EndProject
Global
	GlobalSection(SolutionConfigurationPlatforms) = preSolution
		Debug|Any CPU = Debug|Any CPU
		Release|Any CPU = Release|Any CPU
	EndGlobalSection
	GlobalSection(ProjectConfigurationPlatforms) = postSolution
		{F3F9DC58-2AAD-440C-830F-3BC4C6E52591}.Debug|Any CPU.ActiveCfg = Debug|Any CPU
		{F3F9DC58-2AAD-440C-830F-3BC4C6E52591}.Debug|Any CPU.Build.0 = Debug|Any CPU
		{F3F9DC58-2AAD-440C-830F-3BC4C6E52591}.Release|Any CPU.ActiveCfg = Release|Any CPU
		{F3F9DC58-2AAD-440C-830F-3BC4C6E52591}.Release|Any CPU.Build.0 = Release|Any CPU
	EndGlobalSection
	GlobalSection(SolutionProperties) = preSolution
		HideSolutionNode = FALSE
	EndGlobalSection
	GlobalSection(ExtensibilityGlobals) = postSolution
		SolutionGuid = {F979C57B-62D3-4A0A-8314-264940AF6F77}
	EndGlobalSection
EndGlobal
